
Microsoft Visual Studio Solution File, Format Version 12.00
# Visual Studio Version 17
VisualStudioVersion = 17.6.33717.318
MinimumVisualStudioVersion = 10.0.40219.1
Project("{FAE04EC0-301F-11D3-BF4B-00C04F79EFBC}") = "Лабиринт времени", "Лабиринт времени.csproj", "{998B2B06-B153-495E-8503-A0D4173572AB}"
EndProject
Global
	GlobalSection(SolutionConfigurationPlatforms) = preSolution
		Debug|Any CPU = Debug|Any CPU
		Release|Any CPU = Release|Any CPU
	EndGlobalSection
	GlobalSection(ProjectConfigurationPlatforms) = postSolution
		{998B2B06-B153-495E-8503-A0D4173572AB}.Debug|Any CPU.ActiveCfg = Debug|Any CPU
		{998B2B06-B153-495E-8503-A0D4173572AB}.Debug|Any CPU.Build.0 = Debug|Any CPU
		{998B2B06-B153-495E-8503-A0D4173572AB}.Release|Any CPU.ActiveCfg = Release|Any CPU
		{998B2B06-B153-495E-8503-A0D4173572AB}.Release|Any CPU.Build.0 = Release|Any CPU
	EndGlobalSection
	GlobalSection(SolutionProperties) = preSolution
		HideSolutionNode = FALSE
	EndGlobalSection
	GlobalSection(ExtensibilityGlobals) = postSolution
		SolutionGuid = {FEB5DCD2-5097-44BA-881B-46A25A96A07F}
	EndGlobalSection
EndGlobal
